// !$*UTF8*$!
{
	archiveVersion = 1;
	classes = {
	};
	objectVersion = 50;
	objects = {

/* Begin PBXBuildFile section */
		85E87881240AF5F1DEEE87C9 /* Pods_RxSwiftStudy.framework in Frameworks */ = {isa = PBXBuildFile; fileRef = D31D868B718190B572966AF5 /* Pods_RxSwiftStudy.framework */; };
		BBF2C12F2646547D0098B3E4 /* AppDelegate.swift in Sources */ = {isa = PBXBuildFile; fileRef = BBF2C12E2646547D0098B3E4 /* AppDelegate.swift */; };
		BBF2C1312646547D0098B3E4 /* SceneDelegate.swift in Sources */ = {isa = PBXBuildFile; fileRef = BBF2C1302646547D0098B3E4 /* SceneDelegate.swift */; };
		BBF2C1332646547D0098B3E4 /* ViewController.swift in Sources */ = {isa = PBXBuildFile; fileRef = BBF2C1322646547D0098B3E4 /* ViewController.swift */; };
		BBF2C1362646547D0098B3E4 /* Main.storyboard in Resources */ = {isa = PBXBuildFile; fileRef = BBF2C1342646547D0098B3E4 /* Main.storyboard */; };
		BBF2C1382646547E0098B3E4 /* Assets.xcassets in Resources */ = {isa = PBXBuildFile; fileRef = BBF2C1372646547E0098B3E4 /* Assets.xcassets */; };
		BBF2C13B2646547E0098B3E4 /* LaunchScreen.storyboard in Resources */ = {isa = PBXBuildFile; fileRef = BBF2C1392646547E0098B3E4 /* LaunchScreen.storyboard */; };
		BBF2C146264655080098B3E4 /* Study_Observables.swift in Sources */ = {isa = PBXBuildFile; fileRef = BBF2C145264655080098B3E4 /* Study_Observables.swift */; };
		BBF2C14A264655210098B3E4 /* Study_Operators.swift in Sources */ = {isa = PBXBuildFile; fileRef = BBF2C149264655210098B3E4 /* Study_Operators.swift */; };
		BBF2C14D264655370098B3E4 /* Study_Schedulers.swift in Sources */ = {isa = PBXBuildFile; fileRef = BBF2C14C264655370098B3E4 /* Study_Schedulers.swift */; };
/* End PBXBuildFile section */

/* Begin PBXFileReference section */
		B0E88224931A5B8C76F5FDD7 /* Pods-RxSwiftStudy.debug.xcconfig */ = {isa = PBXFileReference; includeInIndex = 1; lastKnownFileType = text.xcconfig; name = "Pods-RxSwiftStudy.debug.xcconfig"; path = "Target Support Files/Pods-RxSwiftStudy/Pods-RxSwiftStudy.debug.xcconfig"; sourceTree = "<group>"; };
		BBF2C12B2646547D0098B3E4 /* RxSwiftStudy.app */ = {isa = PBXFileReference; explicitFileType = wrapper.application; includeInIndex = 0; path = RxSwiftStudy.app; sourceTree = BUILT_PRODUCTS_DIR; };
		BBF2C12E2646547D0098B3E4 /* AppDelegate.swift */ = {isa = PBXFileReference; lastKnownFileType = sourcecode.swift; path = AppDelegate.swift; sourceTree = "<group>"; };
		BBF2C1302646547D0098B3E4 /* SceneDelegate.swift */ = {isa = PBXFileReference; lastKnownFileType = sourcecode.swift; path = SceneDelegate.swift; sourceTree = "<group>"; };
		BBF2C1322646547D0098B3E4 /* ViewController.swift */ = {isa = PBXFileReference; lastKnownFileType = sourcecode.swift; path = ViewController.swift; sourceTree = "<group>"; };
		BBF2C1352646547D0098B3E4 /* Base */ = {isa = PBXFileReference; lastKnownFileType = file.storyboard; name = Base; path = Base.lproj/Main.storyboard; sourceTree = "<group>"; };
		BBF2C1372646547E0098B3E4 /* Assets.xcassets */ = {isa = PBXFileReference; lastKnownFileType = folder.assetcatalog; path = Assets.xcassets; sourceTree = "<group>"; };
		BBF2C13A2646547E0098B3E4 /* Base */ = {isa = PBXFileReference; lastKnownFileType = file.storyboard; name = Base; path = Base.lproj/LaunchScreen.storyboard; sourceTree = "<group>"; };
		BBF2C13C2646547E0098B3E4 /* Info.plist */ = {isa = PBXFileReference; lastKnownFileType = text.plist.xml; path = Info.plist; sourceTree = "<group>"; };
		BBF2C145264655080098B3E4 /* Study_Observables.swift */ = {isa = PBXFileReference; lastKnownFileType = sourcecode.swift; path = Study_Observables.swift; sourceTree = "<group>"; };
		BBF2C149264655210098B3E4 /* Study_Operators.swift */ = {isa = PBXFileReference; lastKnownFileType = sourcecode.swift; path = Study_Operators.swift; sourceTree = "<group>"; };
		BBF2C14C264655370098B3E4 /* Study_Schedulers.swift */ = {isa = PBXFileReference; lastKnownFileType = sourcecode.swift; path = Study_Schedulers.swift; sourceTree = "<group>"; };
		CDDAED3654A6699C6360C51E /* Pods-RxSwiftStudy.release.xcconfig */ = {isa = PBXFileReference; includeInIndex = 1; lastKnownFileType = text.xcconfig; name = "Pods-RxSwiftStudy.release.xcconfig"; path = "Target Support Files/Pods-RxSwiftStudy/Pods-RxSwiftStudy.release.xcconfig"; sourceTree = "<group>"; };
		D31D868B718190B572966AF5 /* Pods_RxSwiftStudy.framework */ = {isa = PBXFileReference; explicitFileType = wrapper.framework; includeInIndex = 0; path = Pods_RxSwiftStudy.framework; sourceTree = BUILT_PRODUCTS_DIR; };
/* End PBXFileReference section */

/* Begin PBXFrameworksBuildPhase section */
		BBF2C1282646547C0098B3E4 /* Frameworks */ = {
			isa = PBXFrameworksBuildPhase;
			buildActionMask = 2147483647;
			files = (
				85E87881240AF5F1DEEE87C9 /* Pods_RxSwiftStudy.framework in Frameworks */,
			);
			runOnlyForDeploymentPostprocessing = 0;
		};
/* End PBXFrameworksBuildPhase section */

/* Begin PBXGroup section */
		0A8E01E30827867D2EB4D9C5 /* Pods */ = {
			isa = PBXGroup;
			children = (
				B0E88224931A5B8C76F5FDD7 /* Pods-RxSwiftStudy.debug.xcconfig */,
				CDDAED3654A6699C6360C51E /* Pods-RxSwiftStudy.release.xcconfig */,
			);
			name = Pods;
			path = Pods;
			sourceTree = "<group>";
		};
		9909071488EE6B988F72EAC7 /* Frameworks */ = {
			isa = PBXGroup;
			children = (
				D31D868B718190B572966AF5 /* Pods_RxSwiftStudy.framework */,
			);
			name = Frameworks;
			sourceTree = "<group>";
		};
		BBF2C1222646547C0098B3E4 = {
			isa = PBXGroup;
			children = (
				BBF2C12D2646547D0098B3E4 /* RxSwiftStudy */,
				BBF2C12C2646547D0098B3E4 /* Products */,
				0A8E01E30827867D2EB4D9C5 /* Pods */,
				9909071488EE6B988F72EAC7 /* Frameworks */,
			);
			sourceTree = "<group>";
		};
		BBF2C12C2646547D0098B3E4 /* Products */ = {
			isa = PBXGroup;
			children = (
				BBF2C12B2646547D0098B3E4 /* RxSwiftStudy.app */,
			);
			name = Products;
			sourceTree = "<group>";
		};
		BBF2C12D2646547D0098B3E4 /* RxSwiftStudy */ = {
			isa = PBXGroup;
			children = (
				BBF2C144264654A30098B3E4 /* Lecture */,
				BBF2C12E2646547D0098B3E4 /* AppDelegate.swift */,
				BBF2C1302646547D0098B3E4 /* SceneDelegate.swift */,
				BBF2C1322646547D0098B3E4 /* ViewController.swift */,
				BBF2C1342646547D0098B3E4 /* Main.storyboard */,
				BBF2C1372646547E0098B3E4 /* Assets.xcassets */,
				BBF2C1392646547E0098B3E4 /* LaunchScreen.storyboard */,
				BBF2C13C2646547E0098B3E4 /* Info.plist */,
			);
			path = RxSwiftStudy;
			sourceTree = "<group>";
		};
		BBF2C144264654A30098B3E4 /* Lecture */ = {
			isa = PBXGroup;
			children = (
				BBF2C145264655080098B3E4 /* Study_Observables.swift */,
				BBF2C149264655210098B3E4 /* Study_Operators.swift */,
				BBF2C14C264655370098B3E4 /* Study_Schedulers.swift */,
			);
			path = Lecture;
			sourceTree = "<group>";
		};
/* End PBXGroup section */

/* Begin PBXNativeTarget section */
		BBF2C12A2646547C0098B3E4 /* RxSwiftStudy */ = {
			isa = PBXNativeTarget;
			buildConfigurationList = BBF2C13F2646547E0098B3E4 /* Build configuration list for PBXNativeTarget "RxSwiftStudy" */;
			buildPhases = (
				683FFF47B83B49B4733889F2 /* [CP] Check Pods Manifest.lock */,
				BBF2C1272646547C0098B3E4 /* Sources */,
				BBF2C1282646547C0098B3E4 /* Frameworks */,
				BBF2C1292646547C0098B3E4 /* Resources */,
				AE5A6C1F47E0B29A657047A7 /* [CP] Embed Pods Frameworks */,
			);
			buildRules = (
			);
			dependencies = (
			);
			name = RxSwiftStudy;
			productName = RxSwiftStudy;
			productReference = BBF2C12B2646547D0098B3E4 /* RxSwiftStudy.app */;
			productType = "com.apple.product-type.application";
		};
/* End PBXNativeTarget section */

/* Begin PBXProject section */
		BBF2C1232646547C0098B3E4 /* Project object */ = {
			isa = PBXProject;
			attributes = {
				LastSwiftUpdateCheck = 1210;
				LastUpgradeCheck = 1210;
				TargetAttributes = {
					BBF2C12A2646547C0098B3E4 = {
						CreatedOnToolsVersion = 12.1;
					};
				};
			};
			buildConfigurationList = BBF2C1262646547C0098B3E4 /* Build configuration list for PBXProject "RxSwiftStudy" */;
			compatibilityVersion = "Xcode 9.3";
			developmentRegion = en;
			hasScannedForEncodings = 0;
			knownRegions = (
				en,
				Base,
			);
			mainGroup = BBF2C1222646547C0098B3E4;
			productRefGroup = BBF2C12C2646547D0098B3E4 /* Products */;
			projectDirPath = "";
			projectRoot = "";
			targets = (
				BBF2C12A2646547C0098B3E4 /* RxSwiftStudy */,
			);
		};
/* End PBXProject section */

/* Begin PBXResourcesBuildPhase section */
		BBF2C1292646547C0098B3E4 /* Resources */ = {
			isa = PBXResourcesBuildPhase;
			buildActionMask = 2147483647;
			files = (
				BBF2C13B2646547E0098B3E4 /* LaunchScreen.storyboard in Resources */,
				BBF2C1382646547E0098B3E4 /* Assets.xcassets in Resources */,
				BBF2C1362646547D0098B3E4 /* Main.storyboard in Resources */,
			);
			runOnlyForDeploymentPostprocessing = 0;
		};
/* End PBXResourcesBuildPhase section */

/* Begin PBXShellScriptBuildPhase section */
		683FFF47B83B49B4733889F2 /* [CP] Check Pods Manifest.lock */ = {
			isa = PBXShellScriptBuildPhase;
			buildActionMask = 2147483647;
			files = (
			);
			inputFileListPaths = (
			);
			inputPaths = (
				"${PODS_PODFILE_DIR_PATH}/Podfile.lock",
				"${PODS_ROOT}/Manifest.lock",
			);
			name = "[CP] Check Pods Manifest.lock";
			outputFileListPaths = (
			);
			outputPaths = (
				"$(DERIVED_FILE_DIR)/Pods-RxSwiftStudy-checkManifestLockResult.txt",
			);
			runOnlyForDeploymentPostprocessing = 0;
			shellPath = /bin/sh;
			shellScript = "diff \"${PODS_PODFILE_DIR_PATH}/Podfile.lock\" \"${PODS_ROOT}/Manifest.lock\" > /dev/null\nif [ $? != 0 ] ; then\n    # print error to STDERR\n    echo \"error: The sandbox is not in sync with the Podfile.lock. Run 'pod install' or update your CocoaPods installation.\" >&2\n    exit 1\nfi\n# This output is used by Xcode 'outputs' to avoid re-running this script phase.\necho \"SUCCESS\" > \"${SCRIPT_OUTPUT_FILE_0}\"\n";
			showEnvVarsInLog = 0;
		};
		AE5A6C1F47E0B29A657047A7 /* [CP] Embed Pods Frameworks */ = {
			isa = PBXShellScriptBuildPhase;
			buildActionMask = 2147483647;
			files = (
			);
			inputFileListPaths = (
				"${PODS_ROOT}/Target Support Files/Pods-RxSwiftStudy/Pods-RxSwiftStudy-frameworks-${CONFIGURATION}-input-files.xcfilelist",
			);
			name = "[CP] Embed Pods Frameworks";
			outputFileListPaths = (
				"${PODS_ROOT}/Target Support Files/Pods-RxSwiftStudy/Pods-RxSwiftStudy-frameworks-${CONFIGURATION}-output-files.xcfilelist",
			);
			runOnlyForDeploymentPostprocessing = 0;
			shellPath = /bin/sh;
			shellScript = "\"${PODS_ROOT}/Target Support Files/Pods-RxSwiftStudy/Pods-RxSwiftStudy-frameworks.sh\"\n";
			showEnvVarsInLog = 0;
		};
/* End PBXShellScriptBuildPhase section */

/* Begin PBXSourcesBuildPhase section */
		BBF2C1272646547C0098B3E4 /* Sources */ = {
			isa = PBXSourcesBuildPhase;
			buildActionMask = 2147483647;
			files = (
				BBF2C1332646547D0098B3E4 /* ViewController.swift in Sources */,
				BBF2C14D264655370098B3E4 /* Study_Schedulers.swift in Sources */,
				BBF2C12F2646547D0098B3E4 /* AppDelegate.swift in Sources */,
				BBF2C146264655080098B3E4 /* Study_Observables.swift in Sources */,
				BBF2C14A264655210098B3E4 /* Study_Operators.swift in Sources */,
				BBF2C1312646547D0098B3E4 /* SceneDelegate.swift in Sources */,
			);
			runOnlyForDeploymentPostprocessing = 0;
		};
/* End PBXSourcesBuildPhase section */

/* Begin PBXVariantGroup section */
		BBF2C1342646547D0098B3E4 /* Main.storyboard */ = {
			isa = PBXVariantGroup;
			children = (
				BBF2C1352646547D0098B3E4 /* Base */,
			);
			name = Main.storyboard;
			sourceTree = "<group>";
		};
		BBF2C1392646547E0098B3E4 /* LaunchScreen.storyboard */ = {
			isa = PBXVariantGroup;
			children = (
				BBF2C13A2646547E0098B3E4 /* Base */,
			);
			name = LaunchScreen.storyboard;
			sourceTree = "<group>";
		};
/* End PBXVariantGroup section */

/* Begin XCBuildConfiguration section */
		BBF2C13D2646547E0098B3E4 /* Debug */ = {
			isa = XCBuildConfiguration;
			buildSettings = {
				ALWAYS_SEARCH_USER_PATHS = NO;
				CLANG_ANALYZER_NONNULL = YES;
				CLANG_ANALYZER_NUMBER_OBJECT_CONVERSION = YES_AGGRESSIVE;
				CLANG_CXX_LANGUAGE_STANDARD = "gnu++14";
				CLANG_CXX_LIBRARY = "libc++";
				CLANG_ENABLE_MODULES = YES;
				CLANG_ENABLE_OBJC_ARC = YES;
				CLANG_ENABLE_OBJC_WEAK = YES;
				CLANG_WARN_BLOCK_CAPTURE_AUTORELEASING = YES;
				CLANG_WARN_BOOL_CONVERSION = YES;
				CLANG_WARN_COMMA = YES;
				CLANG_WARN_CONSTANT_CONVERSION = YES;
				CLANG_WARN_DEPRECATED_OBJC_IMPLEMENTATIONS = YES;
				CLANG_WARN_DIRECT_OBJC_ISA_USAGE = YES_ERROR;
				CLANG_WARN_DOCUMENTATION_COMMENTS = YES;
				CLANG_WARN_EMPTY_BODY = YES;
				CLANG_WARN_ENUM_CONVERSION = YES;
				CLANG_WARN_INFINITE_RECURSION = YES;
				CLANG_WARN_INT_CONVERSION = YES;
				CLANG_WARN_NON_LITERAL_NULL_CONVERSION = YES;
				CLANG_WARN_OBJC_IMPLICIT_RETAIN_SELF = YES;
				CLANG_WARN_OBJC_LITERAL_CONVERSION = YES;
				CLANG_WARN_OBJC_ROOT_CLASS = YES_ERROR;
				CLANG_WARN_QUOTED_INCLUDE_IN_FRAMEWORK_HEADER = YES;
				CLANG_WARN_RANGE_LOOP_ANALYSIS = YES;
				CLANG_WARN_STRICT_PROTOTYPES = YES;
				CLANG_WARN_SUSPICIOUS_MOVE = YES;
				CLANG_WARN_UNGUARDED_AVAILABILITY = YES_AGGRESSIVE;
				CLANG_WARN_UNREACHABLE_CODE = YES;
				CLANG_WARN__DUPLICATE_METHOD_MATCH = YES;
				COPY_PHASE_STRIP = NO;
				DEBUG_INFORMATION_FORMAT = dwarf;
				ENABLE_STRICT_OBJC_MSGSEND = YES;
				ENABLE_TESTABILITY = YES;
				GCC_C_LANGUAGE_STANDARD = gnu11;
				GCC_DYNAMIC_NO_PIC = NO;
				GCC_NO_COMMON_BLOCKS = YES;
				GCC_OPTIMIZATION_LEVEL = 0;
				GCC_PREPROCESSOR_DEFINITIONS = (
					"DEBUG=1",
					"$(inherited)",
				);
				GCC_WARN_64_TO_32_BIT_CONVERSION = YES;
				GCC_WARN_ABOUT_RETURN_TYPE = YES_ERROR;
				GCC_WARN_UNDECLARED_SELECTOR = YES;
				GCC_WARN_UNINITIALIZED_AUTOS = YES_AGGRESSIVE;
				GCC_WARN_UNUSED_FUNCTION = YES;
				GCC_WARN_UNUSED_VARIABLE = YES;
				IPHONEOS_DEPLOYMENT_TARGET = 14.1;
				MTL_ENABLE_DEBUG_INFO = INCLUDE_SOURCE;
				MTL_FAST_MATH = YES;
				ONLY_ACTIVE_ARCH = YES;
				SDKROOT = iphoneos;
				SWIFT_ACTIVE_COMPILATION_CONDITIONS = DEBUG;
				SWIFT_OPTIMIZATION_LEVEL = "-Onone";
			};
			name = Debug;
		};
		BBF2C13E2646547E0098B3E4 /* Release */ = {
			isa = XCBuildConfiguration;
			buildSettings = {
				ALWAYS_SEARCH_USER_PATHS = NO;
				CLANG_ANALYZER_NONNULL = YES;
				CLANG_ANALYZER_NUMBER_OBJECT_CONVERSION = YES_AGGRESSIVE;
				CLANG_CXX_LANGUAGE_STANDARD = "gnu++14";
				CLANG_CXX_LIBRARY = "libc++";
				CLANG_ENABLE_MODULES = YES;
				CLANG_ENABLE_OBJC_ARC = YES;
				CLANG_ENABLE_OBJC_WEAK = YES;
				CLANG_WARN_BLOCK_CAPTURE_AUTORELEASING = YES;
				CLANG_WARN_BOOL_CONVERSION = YES;
				CLANG_WARN_COMMA = YES;
				CLANG_WARN_CONSTANT_CONVERSION = YES;
				CLANG_WARN_DEPRECATED_OBJC_IMPLEMENTATIONS = YES;
				CLANG_WARN_DIRECT_OBJC_ISA_USAGE = YES_ERROR;
				CLANG_WARN_DOCUMENTATION_COMMENTS = YES;
				CLANG_WARN_EMPTY_BODY = YES;
				CLANG_WARN_ENUM_CONVERSION = YES;
				CLANG_WARN_INFINITE_RECURSION = YES;
				CLANG_WARN_INT_CONVERSION = YES;
				CLANG_WARN_NON_LITERAL_NULL_CONVERSION = YES;
				CLANG_WARN_OBJC_IMPLICIT_RETAIN_SELF = YES;
				CLANG_WARN_OBJC_LITERAL_CONVERSION = YES;
				CLANG_WARN_OBJC_ROOT_CLASS = YES_ERROR;
				CLANG_WARN_QUOTED_INCLUDE_IN_FRAMEWORK_HEADER = YES;
				CLANG_WARN_RANGE_LOOP_ANALYSIS = YES;
				CLANG_WARN_STRICT_PROTOTYPES = YES;
				CLANG_WARN_SUSPICIOUS_MOVE = YES;
				CLANG_WARN_UNGUARDED_AVAILABILITY = YES_AGGRESSIVE;
				CLANG_WARN_UNREACHABLE_CODE = YES;
				CLANG_WARN__DUPLICATE_METHOD_MATCH = YES;
				COPY_PHASE_STRIP = NO;
				DEBUG_INFORMATION_FORMAT = "dwarf-with-dsym";
				ENABLE_NS_ASSERTIONS = NO;
				ENABLE_STRICT_OBJC_MSGSEND = YES;
				GCC_C_LANGUAGE_STANDARD = gnu11;
				GCC_NO_COMMON_BLOCKS = YES;
				GCC_WARN_64_TO_32_BIT_CONVERSION = YES;
				GCC_WARN_ABOUT_RETURN_TYPE = YES_ERROR;
				GCC_WARN_UNDECLARED_SELECTOR = YES;
				GCC_WARN_UNINITIALIZED_AUTOS = YES_AGGRESSIVE;
				GCC_WARN_UNUSED_FUNCTION = YES;
				GCC_WARN_UNUSED_VARIABLE = YES;
				IPHONEOS_DEPLOYMENT_TARGET = 14.1;
				MTL_ENABLE_DEBUG_INFO = NO;
				MTL_FAST_MATH = YES;
				SDKROOT = iphoneos;
				SWIFT_COMPILATION_MODE = wholemodule;
				SWIFT_OPTIMIZATION_LEVEL = "-O";
				VALIDATE_PRODUCT = YES;
			};
			name = Release;
		};
		BBF2C1402646547E0098B3E4 /* Debug */ = {
			isa = XCBuildConfiguration;
			baseConfigurationReference = B0E88224931A5B8C76F5FDD7 /* Pods-RxSwiftStudy.debug.xcconfig */;
			buildSettings = {
				ASSETCATALOG_COMPILER_APPICON_NAME = AppIcon;
				ASSETCATALOG_COMPILER_GLOBAL_ACCENT_COLOR_NAME = AccentColor;
				CODE_SIGN_STYLE = Automatic;
				DEVELOPMENT_TEAM = 489Q4S7ZP5;
				INFOPLIST_FILE = RxSwiftStudy/Info.plist;
				LD_RUNPATH_SEARCH_PATHS = (
					"$(inherited)",
					"@executable_path/Frameworks",
				);
				PRODUCT_BUNDLE_IDENTIFIER = com.iris14Seo.RxSwiftStudy;
				PRODUCT_NAME = "$(TARGET_NAME)";
				SWIFT_VERSION = 5.0;
				TARGETED_DEVICE_FAMILY = 1;
			};
			name = Debug;
		};
		BBF2C1412646547E0098B3E4 /* Release */ = {
			isa = XCBuildConfiguration;
			baseConfigurationReference = CDDAED3654A6699C6360C51E /* Pods-RxSwiftStudy.release.xcconfig */;
			buildSettings = {
				ASSETCATALOG_COMPILER_APPICON_NAME = AppIcon;
				ASSETCATALOG_COMPILER_GLOBAL_ACCENT_COLOR_NAME = AccentColor;
				CODE_SIGN_STYLE = Automatic;
				DEVELOPMENT_TEAM = 489Q4S7ZP5;
				INFOPLIST_FILE = RxSwiftStudy/Info.plist;
				LD_RUNPATH_SEARCH_PATHS = (
					"$(inherited)",
					"@executable_path/Frameworks",
				);
				PRODUCT_BUNDLE_IDENTIFIER = com.iris14Seo.RxSwiftStudy;
				PRODUCT_NAME = "$(TARGET_NAME)";
				SWIFT_VERSION = 5.0;
				TARGETED_DEVICE_FAMILY = 1;
			};
			name = Release;
		};
/* End XCBuildConfiguration section */

/* Begin XCConfigurationList section */
		BBF2C1262646547C0098B3E4 /* Build configuration list for PBXProject "RxSwiftStudy" */ = {
			isa = XCConfigurationList;
			buildConfigurations = (
				BBF2C13D2646547E0098B3E4 /* Debug */,
				BBF2C13E2646547E0098B3E4 /* Release */,
			);
			defaultConfigurationIsVisible = 0;
			defaultConfigurationName = Release;
		};
		BBF2C13F2646547E0098B3E4 /* Build configuration list for PBXNativeTarget "RxSwiftStudy" */ = {
			isa = XCConfigurationList;
			buildConfigurations = (
				BBF2C1402646547E0098B3E4 /* Debug */,
				BBF2C1412646547E0098B3E4 /* Release */,
			);
			defaultConfigurationIsVisible = 0;
			defaultConfigurationName = Release;
		};
/* End XCConfigurationList section */
	};
	rootObject = BBF2C1232646547C0098B3E4 /* Project object */;
}
